
Microsoft Visual Studio Solution File, Format Version 12.00
# Visual Studio Version 16
VisualStudioVersion = 16.0.30907.101
MinimumVisualStudioVersion = 10.0.40219.1
Project("{FAE04EC0-301F-11D3-BF4B-00C04F79EFBC}") = "CVPro", "CVPro.csproj", "{39C14024-997B-47A8-A297-6E8B147C2764}"
EndProject
Project("{FAE04EC0-301F-11D3-BF4B-00C04F79EFBC}") = "CVKeygen", "..\CVKeygen\CVKeygen.csproj", "{F8647B14-9191-4D7A-BD7B-141F226259BD}"
EndProject
Global
	GlobalSection(SolutionConfigurationPlatforms) = preSolution
		Debug|Any CPU = Debug|Any CPU
		Release|Any CPU = Release|Any CPU
	EndGlobalSection
	GlobalSection(ProjectConfigurationPlatforms) = postSolution
		{39C14024-997B-47A8-A297-6E8B147C2764}.Debug|Any CPU.ActiveCfg = Debug|Any CPU
		{39C14024-997B-47A8-A297-6E8B147C2764}.Debug|Any CPU.Build.0 = Debug|Any CPU
		{39C14024-997B-47A8-A297-6E8B147C2764}.Release|Any CPU.ActiveCfg = Release|Any CPU
		{39C14024-997B-47A8-A297-6E8B147C2764}.Release|Any CPU.Build.0 = Release|Any CPU
		{F8647B14-9191-4D7A-BD7B-141F226259BD}.Debug|Any CPU.ActiveCfg = Debug|Any CPU
		{F8647B14-9191-4D7A-BD7B-141F226259BD}.Debug|Any CPU.Build.0 = Debug|Any CPU
		{F8647B14-9191-4D7A-BD7B-141F226259BD}.Release|Any CPU.ActiveCfg = Release|Any CPU
		{F8647B14-9191-4D7A-BD7B-141F226259BD}.Release|Any CPU.Build.0 = Release|Any CPU
	EndGlobalSection
	GlobalSection(SolutionProperties) = preSolution
		HideSolutionNode = FALSE
	EndGlobalSection
	GlobalSection(ExtensibilityGlobals) = postSolution
		SolutionGuid = {DA5D64BB-0C8C-43A4-8FDA-4B29718ADBD0}
	EndGlobalSection
EndGlobal
